github.com/beorn7/perks v0.0.0-20160804104726-4c0e84591b9a h1:BtpsbiV638WQZwhA98cEZw2BsbnQJrbd0BI7tsy0W1c=
github.com/beorn7/perks v0.0.0-20160804104726-4c0e84591b9a/go.mod h1:Dwedo/Wpr24TaqPxmxbtue+5NUziq4I4S80YR8gNf3Q=
github.com/bradfitz/gomemcache v0.0.0-20170208213004-1952afaa557d h1:7IjN4QP3c38xhg6wz8R3YjoU+6S9e7xBc0DAVLLIpHE=
github.com/bradfitz/gomemcache v0.0.0-20170208213004-1952afaa557d/go.mod h1:PmM6Mmwb0LSuEubjR8N7PtNe1KxZLtOUHtbeikc5h60=
github.com/fiorix/freegeoip v3.1.4-0.20170106110125-2dd1041b59f1+incompatible/go.mod h1:Aj4wl0Tp2uPBmbt4yiXd089+Ks7/yWCwyjT9jriM8ng=
github.com/fiorix/go-listener v0.0.0-20170930130624-dbaa12f318e5 h1:GUF3aoBJ0w+WWdG4oZ9g7K2gr/vtvK4P+Z6LObivg70=
github.com/fiorix/go-listener v0.0.0-20170930130624-dbaa12f318e5/go.mod h1:Bt8rVwk67BWxWztrNR3DTCuMNja3rDsG2mNqLJ/jwAU=
github.com/fiorix/go-redis v0.0.0-20160104010333-d987058b55eb h1:EI7vB0IrkvbLmz1uveOxlQYD6kxmnoLWPpkuCpPkS68=
github.com/fiorix/go-redis v0.0.0-20160104010333-d987058b55eb/go.mod h1:THDmknDNeEi7Mcc80Ehv21Y5+kficBbYDHIjfyTYUq4=
github.com/go-web/httplog v0.0.0-20160412232724-580d0d49f0d3 h1:KZvIaNsmd3r6MXTYy9KsoYMwJSJHpAqdgAsn9ccyW/0=
github.com/go-web/httplog v0.0.0-20160412232724-580d0d49f0d3/go.mod h1:Da5v0brBuBCjAuI69AL1Van7esYkRXD8QexNXVPb1zc=
github.com/go-web/httpmux v0.0.0-20160505070239-9e95425ee2c3 h1:nmuVXvOXuFurDTdzZz6lnFmGr1h24h6Gmv2/bdEnyuA=
github.com/go-web/httpmux v0.0.0-20160505070239-9e95425ee2c3/go.mod h1:gmmgB1VSDE+Z4B8DLF/71cw8me8RRHvtygKJkDjaDMA=
github.com/go-web/httprl v0.0.0-20160505070143-20dc8024cb5d h1:XAWhsiF9ML/MvD1pe5893IOiVpyR0JpldCsvCWzfV4M=
github.com/go-web/httprl v0.0.0-20160505070143-20dc8024cb5d/go.mod h1:+Oz8EB00Dj9M4/LZHdCtanx15xnw9aBYD+4oZe2ax9k=
github.com/golang/protobuf v0.0.0-20170920220647-130e6b02ab05 h1:Kesru7U6Mhpf/x7rthxAKnr586VFmoE2NdEvkOKvfjg=
github.com/golang/protobuf v0.0.0-20170920220647-130e6b02ab05/go.mod h1:6lQm79b+lXiMfvg/cZm0SGofjICqVBUtrP5yJMmIC1U=
github.com/howeyc/fsnotify v0.9.1-0.20151003194602-f0c08ee9c607 h1:pYACEr/iXEWeTFnOxHXJZW8h90zbA62XMBUqb3VLrno=
github.com/howeyc/fsnotify v0.9.1-0.20151003194602-f0c08ee9c607/go.mod h1:41HzSPxBGeFRQKEEwgh49TRw/nKBsYZ2cF1OzPjSJsA=
github.com/julienschmidt/httprouter v1.1.1-0.20170430222011-975b5c4c7c21 h1:F/iKcka0K2LgnKy/fgSBf235AETtm1n1TvBzqu40LE0=
github.com/julienschmidt/httprouter v1.1.1-0.20170430222011-975b5c4c7c21/go.mod h1:SYymIcj16QtmaHHD7aYtjjsJG7VTCxuUUipMqKk8s4w=
github.com/kelseyhightower/envconfig v1.3.1-0.20170918161510-462fda1f11d8 h1:Q1aOjV+zY8fUCXrZffS4sRc+AWCTIl4zpZcUHX3zQOo=
github.com/kelseyhightower/envconfig v1.3.1-0.20170918161510-462fda1f11d8/go.mod h1:cccZRl6mQpaq41TPp5QxidR+Sa3axMbJDNb//FQX6Gg=
github.com/matttproud/golang_protobuf_extensions v1.0.1 h1:4hp9jkHxhMHkqkrB3Ix0jegS5sx/RkqARlsWZ6pIwiU=
github.com/matttproud/golang_protobuf_extensions v1.0.1/go.mod h1:D8He9yQNgCq6Z5Ld7szi9bcBfOoFv/3dc6xSMkL2PC0=
github.com/newrelic/go-agent v1.9.0 h1:DEDLnB+UsGDCcZvMZce3DdyZHL7t400+f2G8eDAZdy0=
github.com/newrelic/go-agent v1.9.0/go.mod h1:a8Fv1b/fYhFSReoTU6HDkTYIMZeSVNffmoS726Y0LzQ=
github.com/oschwald/maxminddb-golang v1.2.1-0.20170901134056-26fe5ace1c70 h1:2skBNJsk5emoC/p8tOS9DQL5Ia7ND1UNEdmgfvP+mPI=
github.com/oschwald/maxminddb-golang v1.2.1-0.20170901134056-26fe5ace1c70/go.mod h1:3jhIUymTJ5VREKyIhWm66LJiQt04F0UCDdodShpjWsY=
github.com/prometheus/client_golang v0.9.0-pre1.0.20170921105543-353b8c3f3776 h1:M8/IJR0YLIo0guc5F6Myyk2iFo6vbXMZOhnNLeYLvTU=
github.com/prometheus/client_golang v0.9.0-pre1.0.20170921105543-353b8c3f3776/go.mod h1:7SWBe2y4D6OKWSNQJUaRYU/AaXPKyh/dDVn+NZz0KFw=
github.com/prometheus/client_model v0.0.0-20170216185247-6f3806018612 h1:13pIdM2tpaDi4OVe24fgoIS7ZTqMt0QI+bwQsX5hq+g=
github.com/prometheus/client_model v0.0.0-20170216185247-6f3806018612/go.mod h1:MbSGuTsp3dbXC40dX6PRTWyKYBIrTGTE9sqQNg2J8bo=
github.com/prometheus/common v0.0.0-20170908161822-2f17f4a9d485 h1:ELypU1kBAPEzqcj8hphDyZWTJw5TIFgepXU983BEkD0=
github.com/prometheus/common v0.0.0-20170908161822-2f17f4a9d485/go.mod h1:daVV7qP5qjZbuso7PdcryaAu0sAZbrN9i7WWcTMWvro=
github.com/prometheus/procfs v0.0.0-20170703101242-e645f4e5aaa8 h1:Kh7M6mzRpQ2de1rixoSQZr4BTINXFm8WDbeN5ttnwyE=
github.com/prometheus/procfs v0.0.0-20170703101242-e645f4e5aaa8/go.mod h1:c3At6R/oaqEKCNdg8wHV1ftS6bRYblBhIjjI8uT2IGk=
github.com/rs/cors v0.0.0-20170801073201-eabcc6af4bbe h1:fPLXIFSIvTs99QtPSCsRITbv01v7MsPN7wpuYtD8ebI=
github.com/rs/cors v0.0.0-20170801073201-eabcc6af4bbe/go.mod h1:gFx+x8UowdsKA9AchylcLynDq+nNFfI8FkUZdN/jGCU=
github.com/rs/xhandler v0.0.0-20160618193221-ed27b6fd6521/go.mod h1:RvLn4FgxWubrpZHtQLnOf6EwhN2hEMusxZOhcW9H3UQ=
golang.org/x/crypto v0.0.0-20170928142450-76eec36fa142 h1:5T6aMun9V7kQkjsSk9ZbDDnTnZNNwh4HDNahEeONaD8=
golang.org/x/crypto v0.0.0-20170928142450-76eec36fa142/go.mod h1:6SG95UA2DQfeDnfUPMdvaQW0Q7yPrPDi9nlGo2tz2b4=
golang.org/x/net v0.0.0-20170927055102-0a9397675ba3 h1:tTDpczhDVjW6WN3DinzKcw5juwkDTVn22I7MNlfxSXM=
golang.org/x/net v0.0.0-20170927055102-0a9397675ba3/go.mod h1:mL1N/T3taQHkDXs73rZJwtUhF3w3ftmwwsq0BUmARs4=
golang.org/x/sys v0.0.0-20170927054621-314a259e304f h1:iUy6hSM2lPBGm2d9HgXq1GqYPwcJvA8ihnWauXggYMs=
golang.org/x/sys v0.0.0-20170927054621-314a259e304f/go.mod h1:STP8DvDyc/dI5b8T5hshtkjS+E42TnysNCUPdjciGhY=
golang.org/x/text v0.1.1-0.20171013141220-c01e4764d870 h1:9j48xgtCqD3qZlEBdUhu982SQOGaB0F4VPmPgoV2rMc=
golang.org/x/text v0.1.1-0.20171013141220-c01e4764d870/go.mod h1:NqM8EUOU14njkJ3fqMW+pc6Ldnwhi/IjpwHt7yyuwOQ=
